
Microsoft Visual Studio Solution File, Format Version 12.00
# Visual Studio 15
Project("{FAE04EC0-301F-11D3-BF4B-00C04F79EFBC}") = "DroneFlightLog.Mvc", "DroneFlightLog.Mvc\DroneFlightLog.Mvc.csproj", "{C958BFE3-A23B-4BC7-A11F-E3BB9987F377}"
EndProject
Global
	GlobalSection(SolutionConfigurationPlatforms) = preSolution
		Debug|Any CPU = Debug|Any CPU
		Release|Any CPU = Release|Any CPU
	EndGlobalSection
	GlobalSection(ProjectConfigurationPlatforms) = postSolution
		{C958BFE3-A23B-4BC7-A11F-E3BB9987F377}.Debug|Any CPU.ActiveCfg = Debug|Any CPU
		{C958BFE3-A23B-4BC7-A11F-E3BB9987F377}.Debug|Any CPU.Build.0 = Debug|Any CPU
		{C958BFE3-A23B-4BC7-A11F-E3BB9987F377}.Release|Any CPU.ActiveCfg = Release|Any CPU
		{C958BFE3-A23B-4BC7-A11F-E3BB9987F377}.Release|Any CPU.Build.0 = Release|Any CPU
	EndGlobalSection
	GlobalSection(MonoDevelopProperties) = preSolution
		Policies = $0
		$0.StandardHeader = $1
		$0.VersionControlPolicy = $2
		description = Drone Flight Log User Interface
		version = 1.0.0.1
	EndGlobalSection
EndGlobal
